
Microsoft Visual Studio Solution File, Format Version 12.00
# Visual Studio Version 16
VisualStudioVersion = 16.0.31402.337
MinimumVisualStudioVersion = 10.0.40219.1
Project("{8BC9CEB8-8B4A-11D0-8D11-00A0C91BC942}") = "tombfeltoltes", "tombfeltoltes\tombfeltoltes.vcxproj", "{5A5B3FD9-2368-4101-A303-97A9C847D42F}"
EndProject
Global
	GlobalSection(SolutionConfigurationPlatforms) = preSolution
		Debug|x64 = Debug|x64
		Debug|x86 = Debug|x86
		Release|x64 = Release|x64
		Release|x86 = Release|x86
	EndGlobalSection
	GlobalSection(ProjectConfigurationPlatforms) = postSolution
		{5A5B3FD9-2368-4101-A303-97A9C847D42F}.Debug|x64.ActiveCfg = Debug|x64
		{5A5B3FD9-2368-4101-A303-97A9C847D42F}.Debug|x64.Build.0 = Debug|x64
		{5A5B3FD9-2368-4101-A303-97A9C847D42F}.Debug|x86.ActiveCfg = Debug|Win32
		{5A5B3FD9-2368-4101-A303-97A9C847D42F}.Debug|x86.Build.0 = Debug|Win32
		{5A5B3FD9-2368-4101-A303-97A9C847D42F}.Release|x64.ActiveCfg = Release|x64
		{5A5B3FD9-2368-4101-A303-97A9C847D42F}.Release|x64.Build.0 = Release|x64
		{5A5B3FD9-2368-4101-A303-97A9C847D42F}.Release|x86.ActiveCfg = Release|Win32
		{5A5B3FD9-2368-4101-A303-97A9C847D42F}.Release|x86.Build.0 = Release|Win32
	EndGlobalSection
	GlobalSection(SolutionProperties) = preSolution
		HideSolutionNode = FALSE
	EndGlobalSection
	GlobalSection(ExtensibilityGlobals) = postSolution
		SolutionGuid = {74228F4B-5FC5-49FA-B6EB-FBBD1A22E70E}
	EndGlobalSection
EndGlobal
